
Microsoft Visual Studio Solution File, Format Version 12.00
# Visual Studio 15
VisualStudioVersion = 15.0.27705.0
MinimumVisualStudioVersion = 10.0.40219.1
Project("{8BC9CEB8-8B4A-11D0-8D11-00A0C91BC942}") = "getopt", "getopt.vcxproj", "{4BBAEAA1-9AD1-42D2-B6DC-7F73C4B3D238}"
EndProject
Global
	GlobalSection(SolutionConfigurationPlatforms) = preSolution
		Debug|Win32 = Debug|Win32
		Debug|x64 = Debug|x64
		Release|Win32 = Release|Win32
		Release|x64 = Release|x64
	EndGlobalSection
	GlobalSection(ProjectConfigurationPlatforms) = postSolution
		{4BBAEAA1-9AD1-42D2-B6DC-7F73C4B3D238}.Debug|Win32.ActiveCfg = Debug|Win32
		{4BBAEAA1-9AD1-42D2-B6DC-7F73C4B3D238}.Debug|Win32.Build.0 = Debug|Win32
		{4BBAEAA1-9AD1-42D2-B6DC-7F73C4B3D238}.Debug|x64.ActiveCfg = Debug|x64
		{4BBAEAA1-9AD1-42D2-B6DC-7F73C4B3D238}.Debug|x64.Build.0 = Debug|x64
		{4BBAEAA1-9AD1-42D2-B6DC-7F73C4B3D238}.Release|Win32.ActiveCfg = Release|Win32
		{4BBAEAA1-9AD1-42D2-B6DC-7F73C4B3D238}.Release|Win32.Build.0 = Release|Win32
		{4BBAEAA1-9AD1-42D2-B6DC-7F73C4B3D238}.Release|x64.ActiveCfg = Release|x64
		{4BBAEAA1-9AD1-42D2-B6DC-7F73C4B3D238}.Release|x64.Build.0 = Release|x64
	EndGlobalSection
	GlobalSection(SolutionProperties) = preSolution
		HideSolutionNode = FALSE
	EndGlobalSection
	GlobalSection(ExtensibilityGlobals) = postSolution
		SolutionGuid = {4E6DE38C-035F-4DBE-9385-C35AC4C787ED}
	EndGlobalSection
EndGlobal
